<?xml version="1.0" encoding="utf-8"?>
<Project ToolsVersion="4.0" xmlns="http://schemas.microsoft.com/developer/msbuild/2003">
  <ItemGroup>
    <Filter Include="Source Files">
      <UniqueIdentifier>{4FC737F1-C7A5-4376-A066-2A32D752A2FF}</UniqueIdentifier>
      <Extensions>cpp;c;cc;cxx;def;odl;idl;hpj;bat;asm;asmx</Extensions>
    </Filter>
    <Filter Include="Header Files">
      <UniqueIdentifier>{93995380-89BD-4b04-88EB-625FBE52EBFB}</UniqueIdentifier>
      <Extensions>h;hpp;hxx;hm;inl;inc;xsd</Extensions>
    </Filter>
    <Filter Include="Resource Files">
      <UniqueIdentifier>{67DA6AB6-F800-4c08-8B7A-83BB121AAD01}</UniqueIdentifier>
      <Extensions>rc;ico;cur;bmp;dlg;rc2;rct;bin;rgs;gif;jpg;jpeg;jpe;resx;tiff;tif;png;wav;mfcribbon-ms</Extensions>
    </Filter>
    <Filter Include="Source Files\Component">
      <UniqueIdentifier>{1c0411a4-e143-4e3c-a995-0c03a16aaa45}</UniqueIdentifier>
    </Filter>
    <Filter Include="Header Files\Component">
      <UniqueIdentifier>{6aef3cfb-0d04-4aa4-b15a-700cfea371c0}</UniqueIdentifier>
    </Filter>
    <Filter Include="Header Files\Algorithm">
      <UniqueIdentifier>{96367c03-4493-483a-a92a-34f2ef517131}</UniqueIdentifier>
    </Filter>
    <Filter Include="Source Files\Algorithm">
      <UniqueIdentifier>{c5ccdca3-9ad7-4833-b6f8-70d183acf788}</UniqueIdentifier>
    </Filter>
    <Filter Include="Source Files\Model">
      <UniqueIdentifier>{5f69bf53-1828-47c0-a794-419f35c07ad9}</UniqueIdentifier>
    </Filter>
    <Filter Include="Header Files\Model">
      <UniqueIdentifier>{4a0664d0-daa6-4c03-aa95-3f3b7746fd73}</UniqueIdentifier>
    </Filter>
    <Filter Include="Header Files\RTree">
      <UniqueIdentifier>{10245a18-e58a-4a18-acd2-ca420206be42}</UniqueIdentifier>
    </Filter>
    <Filter Include="Header Files\QuadTree">
      <UniqueIdentifier>{c0d6b5dd-9901-4199-92d1-a2b720332b8c}</UniqueIdentifier>
    </Filter>
    <Filter Include="Header Files\MyStructure">
      <UniqueIdentifier>{0c18a9b1-d598-4981-8dc5-2574cd964cf5}</UniqueIdentifier>
    </Filter>
    <Filter Include="Source Files\MyStructure">
      <UniqueIdentifier>{abb569eb-a12e-44fd-b0fc-b6460729ac0a}</UniqueIdentifier>
    </Filter>
  </ItemGroup>
  <ItemGroup>
    <ClCompile Include="main.cpp">
      <Filter>Source Files</Filter>
    </ClCompile>
    <ClCompile Include="Instance.cpp">
      <Filter>Source Files\Component</Filter>
    </ClCompile>
    <ClCompile Include="UncertainObject.cpp">
      <Filter>Source Files\Component</Filter>
    </ClCompile>
    <ClCompile Include="Function.cpp">
      <Filter>Source Files</Filter>
    </ClCompile>
    <ClCompile Include="FileManager.cpp">
      <Filter>Source Files\Model</Filter>
    </ClCompile>
    <ClCompile Include="Model.cpp">
      <Filter>Source Files\Model</Filter>
    </ClCompile>
    <ClCompile Include="BruteForce.cpp">
      <Filter>Source Files\Algorithm</Filter>
    </ClCompile>
    <ClCompile Include="ISkyline.cpp">
      <Filter>Source Files\Algorithm</Filter>
    </ClCompile>
    <ClCompile Include="CandidateListRtree.cpp">
      <Filter>Source Files\Algorithm</Filter>
    </ClCompile>
    <ClCompile Include="Cell.cpp">
      <Filter>Source Files\MyStructure</Filter>
    </ClCompile>
    <ClCompile Include="CellManager.cpp">
      <Filter>Source Files</Filter>
    </ClCompile>
    <ClCompile Include="GridBaseUpdateStrategy.cpp">
      <Filter>Source Files\Algorithm</Filter>
    </ClCompile>
    <ClCompile Include="UpdateStategyRtree.cpp">
      <Filter>Source Files\Algorithm</Filter>
    </ClCompile>
  </ItemGroup>
  <ItemGroup>
    <ClInclude Include="Instance.h">
      <Filter>Header Files\Component</Filter>
    </ClInclude>
    <ClInclude Include="UncertainObject.h">
      <Filter>Header Files\Component</Filter>
    </ClInclude>
    <ClInclude Include="Function.h">
      <Filter>Header Files</Filter>
    </ClInclude>
    <ClInclude Include="Model.h">
      <Filter>Header Files\Model</Filter>
    </ClInclude>
    <ClInclude Include="FileManager.h">
      <Filter>Header Files\Model</Filter>
    </ClInclude>
    <ClInclude Include="BruteForce.h">
      <Filter>Header Files\Algorithm</Filter>
    </ClInclude>
    <ClInclude Include="ISkyline.h">
      <Filter>Header Files\Algorithm</Filter>
    </ClInclude>
    <ClInclude Include="CandidateListRtree.h">
      <Filter>Header Files\Algorithm</Filter>
    </ClInclude>
    <ClInclude Include="Config.h">
      <Filter>Header Files</Filter>
    </ClInclude>
    <ClInclude Include="C:\Users\Lab1226-Candy\Desktop\Quadtree\QT3\SimpleOctree-master\SimpleOctree-master\Octree.h">
      <Filter>Header Files\QuadTree</Filter>
    </ClInclude>
    <ClInclude Include="C:\Users\Lab1226-Candy\Desktop\Quadtree\QT3\SimpleOctree-master\SimpleOctree-master\OctreePoint.h">
      <Filter>Header Files\QuadTree</Filter>
    </ClInclude>
    <ClInclude Include="C:\Users\Lab1226-Candy\Desktop\Quadtree\QT3\SimpleOctree-master\SimpleOctree-master\Vec3.h">
      <Filter>Header Files\QuadTree</Filter>
    </ClInclude>
    <ClInclude Include="Cell.h">
      <Filter>Header Files\MyStructure</Filter>
    </ClInclude>
    <ClInclude Include="CellManager.h">
      <Filter>Header Files</Filter>
    </ClInclude>
    <ClInclude Include="GridBaseUpdateStrategy.h">
      <Filter>Header Files\Algorithm</Filter>
    </ClInclude>
    <ClInclude Include="UpdateStategyRtree.h">
      <Filter>Header Files\Algorithm</Filter>
    </ClInclude>
    <ClInclude Include="RBoundingBox.h">
      <Filter>Header Files\RTree</Filter>
    </ClInclude>
    <ClInclude Include="RTree.h">
      <Filter>Header Files\RTree</Filter>
    </ClInclude>
    <ClInclude Include="RVisitor.h">
      <Filter>Header Files\RTree</Filter>
    </ClInclude>
  </ItemGroup>
</Project>